
Microsoft Visual Studio Solution File, Format Version 12.00
# Visual Studio Version 16
VisualStudioVersion = 16.0.32802.440
MinimumVisualStudioVersion = 10.0.40219.1
Project("{FAE04EC0-301F-11D3-BF4B-00C04F79EFBC}") = "poo1", "poo1\poo1.csproj", "{7B32158F-9012-4C19-B399-35CF77B2C742}"
EndProject
Global
	GlobalSection(SolutionConfigurationPlatforms) = preSolution
		Debug|Any CPU = Debug|Any CPU
		Release|Any CPU = Release|Any CPU
	EndGlobalSection
	GlobalSection(ProjectConfigurationPlatforms) = postSolution
		{7B32158F-9012-4C19-B399-35CF77B2C742}.Debug|Any CPU.ActiveCfg = Debug|Any CPU
		{7B32158F-9012-4C19-B399-35CF77B2C742}.Debug|Any CPU.Build.0 = Debug|Any CPU
		{7B32158F-9012-4C19-B399-35CF77B2C742}.Release|Any CPU.ActiveCfg = Release|Any CPU
		{7B32158F-9012-4C19-B399-35CF77B2C742}.Release|Any CPU.Build.0 = Release|Any CPU
	EndGlobalSection
	GlobalSection(SolutionProperties) = preSolution
		HideSolutionNode = FALSE
	EndGlobalSection
	GlobalSection(ExtensibilityGlobals) = postSolution
		SolutionGuid = {64A4EF44-B711-4331-957A-18A442006F2C}
	EndGlobalSection
EndGlobal
