
Microsoft Visual Studio Solution File, Format Version 12.00
# Visual Studio Version 16
VisualStudioVersion = 16.0.32802.440
MinimumVisualStudioVersion = 10.0.40219.1
Project("{FAE04EC0-301F-11D3-BF4B-00C04F79EFBC}") = "poo10", "poo10\poo10.csproj", "{111B78A6-B690-4C18-A884-F2EB0521066C}"
EndProject
Global
	GlobalSection(SolutionConfigurationPlatforms) = preSolution
		Debug|Any CPU = Debug|Any CPU
		Release|Any CPU = Release|Any CPU
	EndGlobalSection
	GlobalSection(ProjectConfigurationPlatforms) = postSolution
		{111B78A6-B690-4C18-A884-F2EB0521066C}.Debug|Any CPU.ActiveCfg = Debug|Any CPU
		{111B78A6-B690-4C18-A884-F2EB0521066C}.Debug|Any CPU.Build.0 = Debug|Any CPU
		{111B78A6-B690-4C18-A884-F2EB0521066C}.Release|Any CPU.ActiveCfg = Release|Any CPU
		{111B78A6-B690-4C18-A884-F2EB0521066C}.Release|Any CPU.Build.0 = Release|Any CPU
	EndGlobalSection
	GlobalSection(SolutionProperties) = preSolution
		HideSolutionNode = FALSE
	EndGlobalSection
	GlobalSection(ExtensibilityGlobals) = postSolution
		SolutionGuid = {4DE11E51-F6D3-4F79-B68B-129822276218}
	EndGlobalSection
EndGlobal
