
Microsoft Visual Studio Solution File, Format Version 12.00
# Visual Studio Version 16
VisualStudioVersion = 16.0.32802.440
MinimumVisualStudioVersion = 10.0.40219.1
Project("{FAE04EC0-301F-11D3-BF4B-00C04F79EFBC}") = "poo2", "poo2\poo2.csproj", "{9C9DD95D-E370-4449-90D0-EEACF05FBA97}"
EndProject
Global
	GlobalSection(SolutionConfigurationPlatforms) = preSolution
		Debug|Any CPU = Debug|Any CPU
		Release|Any CPU = Release|Any CPU
	EndGlobalSection
	GlobalSection(ProjectConfigurationPlatforms) = postSolution
		{9C9DD95D-E370-4449-90D0-EEACF05FBA97}.Debug|Any CPU.ActiveCfg = Debug|Any CPU
		{9C9DD95D-E370-4449-90D0-EEACF05FBA97}.Debug|Any CPU.Build.0 = Debug|Any CPU
		{9C9DD95D-E370-4449-90D0-EEACF05FBA97}.Release|Any CPU.ActiveCfg = Release|Any CPU
		{9C9DD95D-E370-4449-90D0-EEACF05FBA97}.Release|Any CPU.Build.0 = Release|Any CPU
	EndGlobalSection
	GlobalSection(SolutionProperties) = preSolution
		HideSolutionNode = FALSE
	EndGlobalSection
	GlobalSection(ExtensibilityGlobals) = postSolution
		SolutionGuid = {0E4BC5E2-7266-4E61-B09E-FC5E11A8E2DF}
	EndGlobalSection
EndGlobal
