
Microsoft Visual Studio Solution File, Format Version 12.00
# Visual Studio Version 16
VisualStudioVersion = 16.0.32802.440
MinimumVisualStudioVersion = 10.0.40219.1
Project("{FAE04EC0-301F-11D3-BF4B-00C04F79EFBC}") = "poo8", "poo8\poo8.csproj", "{0701AF0E-AB55-4A28-8019-DA172BDB977E}"
EndProject
Global
	GlobalSection(SolutionConfigurationPlatforms) = preSolution
		Debug|Any CPU = Debug|Any CPU
		Release|Any CPU = Release|Any CPU
	EndGlobalSection
	GlobalSection(ProjectConfigurationPlatforms) = postSolution
		{0701AF0E-AB55-4A28-8019-DA172BDB977E}.Debug|Any CPU.ActiveCfg = Debug|Any CPU
		{0701AF0E-AB55-4A28-8019-DA172BDB977E}.Debug|Any CPU.Build.0 = Debug|Any CPU
		{0701AF0E-AB55-4A28-8019-DA172BDB977E}.Release|Any CPU.ActiveCfg = Release|Any CPU
		{0701AF0E-AB55-4A28-8019-DA172BDB977E}.Release|Any CPU.Build.0 = Release|Any CPU
	EndGlobalSection
	GlobalSection(SolutionProperties) = preSolution
		HideSolutionNode = FALSE
	EndGlobalSection
	GlobalSection(ExtensibilityGlobals) = postSolution
		SolutionGuid = {54C8C3E5-5453-4AE5-81F4-D837CDE4C80F}
	EndGlobalSection
EndGlobal
